
Microsoft Visual Studio Solution File, Format Version 12.00
# Visual Studio 2012
Project("{FAE04EC0-301F-11D3-BF4B-00C04F79EFBC}") = "CSharpSMCLtoPython", "CSharpSMCLtoPython\CSharpSMCLtoPython.csproj", "{6A41A297-127B-4FD6-B711-5392CAF15E71}"
EndProject
Global
	GlobalSection(SolutionConfigurationPlatforms) = preSolution
		Debug|Any CPU = Debug|Any CPU
		Release|Any CPU = Release|Any CPU
	EndGlobalSection
	GlobalSection(ProjectConfigurationPlatforms) = postSolution
		{6A41A297-127B-4FD6-B711-5392CAF15E71}.Debug|Any CPU.ActiveCfg = Debug|Any CPU
		{6A41A297-127B-4FD6-B711-5392CAF15E71}.Debug|Any CPU.Build.0 = Debug|Any CPU
		{6A41A297-127B-4FD6-B711-5392CAF15E71}.Release|Any CPU.ActiveCfg = Release|Any CPU
		{6A41A297-127B-4FD6-B711-5392CAF15E71}.Release|Any CPU.Build.0 = Release|Any CPU
	EndGlobalSection
	GlobalSection(SolutionProperties) = preSolution
		HideSolutionNode = FALSE
	EndGlobalSection
EndGlobal
